{
  "name": "json-worker",
  "version": "1.0.0",
  "lockfileVersion": 1,
  "requires": true,
  "dependencies": {
    "workerize": {
      "version": "0.1.7",
      "resolved": "https://registry.npmjs.org/workerize/-/workerize-0.1.7.tgz",
      "integrity": "sha512-5sp00fQpti9Kd5TtKT82lX5FWh8RcwoRJoAM9+lPWnlpdDj3X0888nXJWelx+Pim96WURshLPxFqvku86VDwVg=="
    }
  }
}
